// !$*UTF8*$!
{
	archiveVersion = 1;
	classes = {
	};
	objectVersion = 50;
	objects = {

/* Begin PBXBuildFile section */
		04631AC124B20E0000BDEC81 /* Message.swift in Sources */ = {isa = PBXBuildFile; fileRef = 04631AC024B20E0000BDEC81 /* Message.swift */; };
		0467217824AF6254007C40CC /* meVC.swift in Sources */ = {isa = PBXBuildFile; fileRef = 0467217724AF6254007C40CC /* meVC.swift */; };
		0467217A24AF82EB007C40CC /* CreatePostVC.swift in Sources */ = {isa = PBXBuildFile; fileRef = 0467217924AF82EB007C40CC /* CreatePostVC.swift */; };
		0467217C24AFA4D4007C40CC /* UIViewExt.swift in Sources */ = {isa = PBXBuildFile; fileRef = 0467217B24AFA4D4007C40CC /* UIViewExt.swift */; };
		0467217E24AFDA28007C40CC /* FeedCell.swift in Sources */ = {isa = PBXBuildFile; fileRef = 0467217D24AFDA28007C40CC /* FeedCell.swift */; };
		0467F82F24ADF74500ADE9AE /* AppDelegate.swift in Sources */ = {isa = PBXBuildFile; fileRef = 0467F82E24ADF74500ADE9AE /* AppDelegate.swift */; };
		0467F83124ADF74500ADE9AE /* SceneDelegate.swift in Sources */ = {isa = PBXBuildFile; fileRef = 0467F83024ADF74500ADE9AE /* SceneDelegate.swift */; };
		0467F83324ADF74500ADE9AE /* FeedVC.swift in Sources */ = {isa = PBXBuildFile; fileRef = 0467F83224ADF74500ADE9AE /* FeedVC.swift */; };
		0467F83524ADF74500ADE9AE /* GroupsVC.swift in Sources */ = {isa = PBXBuildFile; fileRef = 0467F83424ADF74500ADE9AE /* GroupsVC.swift */; };
		0467F83824ADF74500ADE9AE /* Main.storyboard in Resources */ = {isa = PBXBuildFile; fileRef = 0467F83624ADF74500ADE9AE /* Main.storyboard */; };
		0467F83A24ADF74600ADE9AE /* Assets.xcassets in Resources */ = {isa = PBXBuildFile; fileRef = 0467F83924ADF74600ADE9AE /* Assets.xcassets */; };
		0467F83D24ADF74600ADE9AE /* LaunchScreen.storyboard in Resources */ = {isa = PBXBuildFile; fileRef = 0467F83B24ADF74600ADE9AE /* LaunchScreen.storyboard */; };
		0467F84A24AE001500ADE9AE /* GoogleService-Info.plist in Resources */ = {isa = PBXBuildFile; fileRef = 0467F84924AE001500ADE9AE /* GoogleService-Info.plist */; };
		0467F84C24AE1F0A00ADE9AE /* DataService.swift in Sources */ = {isa = PBXBuildFile; fileRef = 0467F84B24AE1F0A00ADE9AE /* DataService.swift */; };
		0467F84E24AE375D00ADE9AE /* customTextField.swift in Sources */ = {isa = PBXBuildFile; fileRef = 0467F84D24AE375D00ADE9AE /* customTextField.swift */; };
		0467F85024AE378D00ADE9AE /* AuthVC.swift in Sources */ = {isa = PBXBuildFile; fileRef = 0467F84F24AE378D00ADE9AE /* AuthVC.swift */; };
		0467F85224AE37A100ADE9AE /* LoginVC.swift in Sources */ = {isa = PBXBuildFile; fileRef = 0467F85124AE37A100ADE9AE /* LoginVC.swift */; };
		0467F85424AE3E0D00ADE9AE /* ShadowView.swift in Sources */ = {isa = PBXBuildFile; fileRef = 0467F85324AE3E0D00ADE9AE /* ShadowView.swift */; };
		0467F85624AE51E900ADE9AE /* AuthService.swift in Sources */ = {isa = PBXBuildFile; fileRef = 0467F85524AE51E900ADE9AE /* AuthService.swift */; };
		046CE5AB24BB867A0047EBB6 /* viewControllerExt.swift in Sources */ = {isa = PBXBuildFile; fileRef = 046CE5AA24BB867A0047EBB6 /* viewControllerExt.swift */; };
		046CE5AD24BB95920047EBB6 /* GroupMembersCell.swift in Sources */ = {isa = PBXBuildFile; fileRef = 046CE5AC24BB95920047EBB6 /* GroupMembersCell.swift */; };
		046CE5AF24BB95BD0047EBB6 /* GroupMembersVC.swift in Sources */ = {isa = PBXBuildFile; fileRef = 046CE5AE24BB95BD0047EBB6 /* GroupMembersVC.swift */; };
		047471EA24B9E56F00E01FF6 /* GroupChatCell.swift in Sources */ = {isa = PBXBuildFile; fileRef = 047471E924B9E56F00E01FF6 /* GroupChatCell.swift */; };
		047471EC24B9E59E00E01FF6 /* GroupChatVC.swift in Sources */ = {isa = PBXBuildFile; fileRef = 047471EB24B9E59E00E01FF6 /* GroupChatVC.swift */; };
		0478A42724B47F0C001D1073 /* CreateGroupsVC.swift in Sources */ = {isa = PBXBuildFile; fileRef = 0478A42624B47F0C001D1073 /* CreateGroupsVC.swift */; };
		0478A42924B4C963001D1073 /* UserCell.swift in Sources */ = {isa = PBXBuildFile; fileRef = 0478A42824B4C963001D1073 /* UserCell.swift */; };
		047BC9DD24B88DAF00037633 /* GroupCell.swift in Sources */ = {isa = PBXBuildFile; fileRef = 047BC9DC24B88DAF00037633 /* GroupCell.swift */; };
		047BC9DF24B8A25D00037633 /* Group.swift in Sources */ = {isa = PBXBuildFile; fileRef = 047BC9DE24B8A25D00037633 /* Group.swift */; };
		048EF8FA02F88EF3D65E27F2 /* Pods_break_point_newV.framework in Frameworks */ = {isa = PBXBuildFile; fileRef = 60DD7444AB76EE7372F8689D /* Pods_break_point_newV.framework */; };
/* End PBXBuildFile section */

/* Begin PBXFileReference section */
		04631AC024B20E0000BDEC81 /* Message.swift */ = {isa = PBXFileReference; lastKnownFileType = sourcecode.swift; path = Message.swift; sourceTree = "<group>"; };
		0467217724AF6254007C40CC /* meVC.swift */ = {isa = PBXFileReference; lastKnownFileType = sourcecode.swift; path = meVC.swift; sourceTree = "<group>"; };
		0467217924AF82EB007C40CC /* CreatePostVC.swift */ = {isa = PBXFileReference; lastKnownFileType = sourcecode.swift; path = CreatePostVC.swift; sourceTree = "<group>"; };
		0467217B24AFA4D4007C40CC /* UIViewExt.swift */ = {isa = PBXFileReference; lastKnownFileType = sourcecode.swift; path = UIViewExt.swift; sourceTree = "<group>"; };
		0467217D24AFDA28007C40CC /* FeedCell.swift */ = {isa = PBXFileReference; lastKnownFileType = sourcecode.swift; path = FeedCell.swift; sourceTree = "<group>"; };
		0467F82B24ADF74500ADE9AE /* break-point-newV.app */ = {isa = PBXFileReference; explicitFileType = wrapper.application; includeInIndex = 0; path = "break-point-newV.app"; sourceTree = BUILT_PRODUCTS_DIR; };
		0467F82E24ADF74500ADE9AE /* AppDelegate.swift */ = {isa = PBXFileReference; lastKnownFileType = sourcecode.swift; path = AppDelegate.swift; sourceTree = "<group>"; };
		0467F83024ADF74500ADE9AE /* SceneDelegate.swift */ = {isa = PBXFileReference; lastKnownFileType = sourcecode.swift; path = SceneDelegate.swift; sourceTree = "<group>"; };
		0467F83224ADF74500ADE9AE /* FeedVC.swift */ = {isa = PBXFileReference; lastKnownFileType = sourcecode.swift; path = FeedVC.swift; sourceTree = "<group>"; };
		0467F83424ADF74500ADE9AE /* GroupsVC.swift */ = {isa = PBXFileReference; lastKnownFileType = sourcecode.swift; path = GroupsVC.swift; sourceTree = "<group>"; };
		0467F83724ADF74500ADE9AE /* Base */ = {isa = PBXFileReference; lastKnownFileType = file.storyboard; name = Base; path = Base.lproj/Main.storyboard; sourceTree = "<group>"; };
		0467F83924ADF74600ADE9AE /* Assets.xcassets */ = {isa = PBXFileReference; lastKnownFileType = folder.assetcatalog; path = Assets.xcassets; sourceTree = "<group>"; };
		0467F83C24ADF74600ADE9AE /* Base */ = {isa = PBXFileReference; lastKnownFileType = file.storyboard; name = Base; path = Base.lproj/LaunchScreen.storyboard; sourceTree = "<group>"; };
		0467F83E24ADF74600ADE9AE /* Info.plist */ = {isa = PBXFileReference; lastKnownFileType = text.plist.xml; path = Info.plist; sourceTree = "<group>"; };
		0467F84924AE001500ADE9AE /* GoogleService-Info.plist */ = {isa = PBXFileReference; fileEncoding = 4; lastKnownFileType = text.plist.xml; name = "GoogleService-Info.plist"; path = "../../../../Downloads/GoogleService-Info.plist"; sourceTree = "<group>"; };
		0467F84B24AE1F0A00ADE9AE /* DataService.swift */ = {isa = PBXFileReference; lastKnownFileType = sourcecode.swift; path = DataService.swift; sourceTree = "<group>"; };
		0467F84D24AE375D00ADE9AE /* customTextField.swift */ = {isa = PBXFileReference; lastKnownFileType = sourcecode.swift; path = customTextField.swift; sourceTree = "<group>"; };
		0467F84F24AE378D00ADE9AE /* AuthVC.swift */ = {isa = PBXFileReference; lastKnownFileType = sourcecode.swift; path = AuthVC.swift; sourceTree = "<group>"; };
		0467F85124AE37A100ADE9AE /* LoginVC.swift */ = {isa = PBXFileReference; lastKnownFileType = sourcecode.swift; path = LoginVC.swift; sourceTree = "<group>"; };
		0467F85324AE3E0D00ADE9AE /* ShadowView.swift */ = {isa = PBXFileReference; lastKnownFileType = sourcecode.swift; path = ShadowView.swift; sourceTree = "<group>"; };
		0467F85524AE51E900ADE9AE /* AuthService.swift */ = {isa = PBXFileReference; lastKnownFileType = sourcecode.swift; path = AuthService.swift; sourceTree = "<group>"; };
		046CE5AA24BB867A0047EBB6 /* viewControllerExt.swift */ = {isa = PBXFileReference; lastKnownFileType = sourcecode.swift; path = viewControllerExt.swift; sourceTree = "<group>"; };
		046CE5AC24BB95920047EBB6 /* GroupMembersCell.swift */ = {isa = PBXFileReference; lastKnownFileType = sourcecode.swift; path = GroupMembersCell.swift; sourceTree = "<group>"; };
		046CE5AE24BB95BD0047EBB6 /* GroupMembersVC.swift */ = {isa = PBXFileReference; lastKnownFileType = sourcecode.swift; path = GroupMembersVC.swift; sourceTree = "<group>"; };
		047471E924B9E56F00E01FF6 /* GroupChatCell.swift */ = {isa = PBXFileReference; lastKnownFileType = sourcecode.swift; path = GroupChatCell.swift; sourceTree = "<group>"; };
		047471EB24B9E59E00E01FF6 /* GroupChatVC.swift */ = {isa = PBXFileReference; lastKnownFileType = sourcecode.swift; path = GroupChatVC.swift; sourceTree = "<group>"; };
		0478A42624B47F0C001D1073 /* CreateGroupsVC.swift */ = {isa = PBXFileReference; lastKnownFileType = sourcecode.swift; path = CreateGroupsVC.swift; sourceTree = "<group>"; };
		0478A42824B4C963001D1073 /* UserCell.swift */ = {isa = PBXFileReference; lastKnownFileType = sourcecode.swift; path = UserCell.swift; sourceTree = "<group>"; };
		047BC9DC24B88DAF00037633 /* GroupCell.swift */ = {isa = PBXFileReference; lastKnownFileType = sourcecode.swift; path = GroupCell.swift; sourceTree = "<group>"; };
		047BC9DE24B8A25D00037633 /* Group.swift */ = {isa = PBXFileReference; lastKnownFileType = sourcecode.swift; path = Group.swift; sourceTree = "<group>"; };
		047BC9E124B8EC0900037633 /* en */ = {isa = PBXFileReference; lastKnownFileType = text.plist.strings; name = en; path = en.lproj/Main.strings; sourceTree = "<group>"; };
		60DD7444AB76EE7372F8689D /* Pods_break_point_newV.framework */ = {isa = PBXFileReference; explicitFileType = wrapper.framework; includeInIndex = 0; path = Pods_break_point_newV.framework; sourceTree = BUILT_PRODUCTS_DIR; };
		A73C3C03C5AF8D0E65239678 /* Pods-break-point-newV.release.xcconfig */ = {isa = PBXFileReference; includeInIndex = 1; lastKnownFileType = text.xcconfig; name = "Pods-break-point-newV.release.xcconfig"; path = "Pods/Target Support Files/Pods-break-point-newV/Pods-break-point-newV.release.xcconfig"; sourceTree = "<group>"; };
		A7E997F3DA6F95A557557328 /* Pods-break-point-newV.debug.xcconfig */ = {isa = PBXFileReference; includeInIndex = 1; lastKnownFileType = text.xcconfig; name = "Pods-break-point-newV.debug.xcconfig"; path = "Pods/Target Support Files/Pods-break-point-newV/Pods-break-point-newV.debug.xcconfig"; sourceTree = "<group>"; };
/* End PBXFileReference section */

/* Begin PBXFrameworksBuildPhase section */
		0467F82824ADF74500ADE9AE /* Frameworks */ = {
			isa = PBXFrameworksBuildPhase;
			buildActionMask = 2147483647;
			files = (
				048EF8FA02F88EF3D65E27F2 /* Pods_break_point_newV.framework in Frameworks */,
			);
			runOnlyForDeploymentPostprocessing = 0;
		};
/* End PBXFrameworksBuildPhase section */

/* Begin PBXGroup section */
		0467F82224ADF74500ADE9AE = {
			isa = PBXGroup;
			children = (
				0467F82D24ADF74500ADE9AE /* break-point-newV */,
				0467F82C24ADF74500ADE9AE /* Products */,
				CCABA7E7D49ADE486419729D /* Pods */,
				A52ED9617600296F8D3C4A65 /* Frameworks */,
			);
			sourceTree = "<group>";
		};
		0467F82C24ADF74500ADE9AE /* Products */ = {
			isa = PBXGroup;
			children = (
				0467F82B24ADF74500ADE9AE /* break-point-newV.app */,
			);
			name = Products;
			sourceTree = "<group>";
		};
		0467F82D24ADF74500ADE9AE /* break-point-newV */ = {
			isa = PBXGroup;
			children = (
				0467F84824ADF77F00ADE9AE /* Services */,
				0467F84724ADF77600ADE9AE /* Extentions */,
				0467F84624ADF76A00ADE9AE /* Model */,
				0467F84524ADF76300ADE9AE /* View */,
				0467F84424ADF75800ADE9AE /* Controller */,
				0467F82E24ADF74500ADE9AE /* AppDelegate.swift */,
				0467F83024ADF74500ADE9AE /* SceneDelegate.swift */,
				0467F83624ADF74500ADE9AE /* Main.storyboard */,
				0467F83924ADF74600ADE9AE /* Assets.xcassets */,
				0467F83B24ADF74600ADE9AE /* LaunchScreen.storyboard */,
				0467F83E24ADF74600ADE9AE /* Info.plist */,
				0467F84924AE001500ADE9AE /* GoogleService-Info.plist */,
			);
			path = "break-point-newV";
			sourceTree = "<group>";
		};
		0467F84424ADF75800ADE9AE /* Controller */ = {
			isa = PBXGroup;
			children = (
				0467F83224ADF74500ADE9AE /* FeedVC.swift */,
				0467F83424ADF74500ADE9AE /* GroupsVC.swift */,
				0467F84F24AE378D00ADE9AE /* AuthVC.swift */,
				0467F85124AE37A100ADE9AE /* LoginVC.swift */,
				0467217724AF6254007C40CC /* meVC.swift */,
				0467217924AF82EB007C40CC /* CreatePostVC.swift */,
				0478A42624B47F0C001D1073 /* CreateGroupsVC.swift */,
				047471EB24B9E59E00E01FF6 /* GroupChatVC.swift */,
				046CE5AE24BB95BD0047EBB6 /* GroupMembersVC.swift */,
			);
			path = Controller;
			sourceTree = "<group>";
		};
		0467F84524ADF76300ADE9AE /* View */ = {
			isa = PBXGroup;
			children = (
				0467F84D24AE375D00ADE9AE /* customTextField.swift */,
				0467F85324AE3E0D00ADE9AE /* ShadowView.swift */,
				0467217D24AFDA28007C40CC /* FeedCell.swift */,
				0478A42824B4C963001D1073 /* UserCell.swift */,
				047BC9DC24B88DAF00037633 /* GroupCell.swift */,
				047471E924B9E56F00E01FF6 /* GroupChatCell.swift */,
				046CE5AC24BB95920047EBB6 /* GroupMembersCell.swift */,
			);
			path = View;
			sourceTree = "<group>";
		};
		0467F84624ADF76A00ADE9AE /* Model */ = {
			isa = PBXGroup;
			children = (
				04631AC024B20E0000BDEC81 /* Message.swift */,
				047BC9DE24B8A25D00037633 /* Group.swift */,
			);
			path = Model;
			sourceTree = "<group>";
		};
		0467F84724ADF77600ADE9AE /* Extentions */ = {
			isa = PBXGroup;
			children = (
				0467217B24AFA4D4007C40CC /* UIViewExt.swift */,
				046CE5AA24BB867A0047EBB6 /* viewControllerExt.swift */,
			);
			path = Extentions;
			sourceTree = "<group>";
		};
		0467F84824ADF77F00ADE9AE /* Services */ = {
			isa = PBXGroup;
			children = (
				0467F84B24AE1F0A00ADE9AE /* DataService.swift */,
				0467F85524AE51E900ADE9AE /* AuthService.swift */,
			);
			path = Services;
			sourceTree = "<group>";
		};
		A52ED9617600296F8D3C4A65 /* Frameworks */ = {
			isa = PBXGroup;
			children = (
				60DD7444AB76EE7372F8689D /* Pods_break_point_newV.framework */,
			);
			name = Frameworks;
			sourceTree = "<group>";
		};
		CCABA7E7D49ADE486419729D /* Pods */ = {
			isa = PBXGroup;
			children = (
				A7E997F3DA6F95A557557328 /* Pods-break-point-newV.debug.xcconfig */,
				A73C3C03C5AF8D0E65239678 /* Pods-break-point-newV.release.xcconfig */,
			);
			name = Pods;
			sourceTree = "<group>";
		};
/* End PBXGroup section */

/* Begin PBXNativeTarget section */
		0467F82A24ADF74500ADE9AE /* break-point-newV */ = {
			isa = PBXNativeTarget;
			buildConfigurationList = 0467F84124ADF74600ADE9AE /* Build configuration list for PBXNativeTarget "break-point-newV" */;
			buildPhases = (
				FA8712A6D4F52280356B9612 /* [CP] Check Pods Manifest.lock */,
				0467F82724ADF74500ADE9AE /* Sources */,
				0467F82824ADF74500ADE9AE /* Frameworks */,
				0467F82924ADF74500ADE9AE /* Resources */,
				84A4782332466C4B82B68AAD /* [CP] Embed Pods Frameworks */,
			);
			buildRules = (
			);
			dependencies = (
			);
			name = "break-point-newV";
			productName = "break-point-newV";
			productReference = 0467F82B24ADF74500ADE9AE /* break-point-newV.app */;
			productType = "com.apple.product-type.application";
		};
/* End PBXNativeTarget section */

/* Begin PBXProject section */
		0467F82324ADF74500ADE9AE /* Project object */ = {
			isa = PBXProject;
			attributes = {
				LastSwiftUpdateCheck = 1150;
				LastUpgradeCheck = 1150;
				ORGANIZATIONNAME = "Ziad Ahmed Said Ahmed";
				TargetAttributes = {
					0467F82A24ADF74500ADE9AE = {
						CreatedOnToolsVersion = 11.5;
					};
				};
			};
			buildConfigurationList = 0467F82624ADF74500ADE9AE /* Build configuration list for PBXProject "break-point-newV" */;
			compatibilityVersion = "Xcode 9.3";
			developmentRegion = en;
			hasScannedForEncodings = 0;
			knownRegions = (
				en,
				Base,
			);
			mainGroup = 0467F82224ADF74500ADE9AE;
			productRefGroup = 0467F82C24ADF74500ADE9AE /* Products */;
			projectDirPath = "";
			projectRoot = "";
			targets = (
				0467F82A24ADF74500ADE9AE /* break-point-newV */,
			);
		};
/* End PBXProject section */

/* Begin PBXResourcesBuildPhase section */
		0467F82924ADF74500ADE9AE /* Resources */ = {
			isa = PBXResourcesBuildPhase;
			buildActionMask = 2147483647;
			files = (
				0467F83D24ADF74600ADE9AE /* LaunchScreen.storyboard in Resources */,
				0467F84A24AE001500ADE9AE /* GoogleService-Info.plist in Resources */,
				0467F83A24ADF74600ADE9AE /* Assets.xcassets in Resources */,
				0467F83824ADF74500ADE9AE /* Main.storyboard in Resources */,
			);
			runOnlyForDeploymentPostprocessing = 0;
		};
/* End PBXResourcesBuildPhase section */

/* Begin PBXShellScriptBuildPhase section */
		84A4782332466C4B82B68AAD /* [CP] Embed Pods Frameworks */ = {
			isa = PBXShellScriptBuildPhase;
			buildActionMask = 2147483647;
			files = (
			);
			inputPaths = (
				"${SRCROOT}/Pods/Target Support Files/Pods-break-point-newV/Pods-break-point-newV-frameworks.sh",
				"${BUILT_PRODUCTS_DIR}/GTMSessionFetcher/GTMSessionFetcher.framework",
				"${BUILT_PRODUCTS_DIR}/GoogleUtilities/GoogleUtilities.framework",
				"${BUILT_PRODUCTS_DIR}/PromisesObjC/FBLPromises.framework",
				"${BUILT_PRODUCTS_DIR}/leveldb-library/leveldb.framework",
				"${BUILT_PRODUCTS_DIR}/nanopb/nanopb.framework",
			);
			name = "[CP] Embed Pods Frameworks";
			outputPaths = (
				"${TARGET_BUILD_DIR}/${FRAMEWORKS_FOLDER_PATH}/GTMSessionFetcher.framework",
				"${TARGET_BUILD_DIR}/${FRAMEWORKS_FOLDER_PATH}/GoogleUtilities.framework",
				"${TARGET_BUILD_DIR}/${FRAMEWORKS_FOLDER_PATH}/FBLPromises.framework",
				"${TARGET_BUILD_DIR}/${FRAMEWORKS_FOLDER_PATH}/leveldb.framework",
				"${TARGET_BUILD_DIR}/${FRAMEWORKS_FOLDER_PATH}/nanopb.framework",
			);
			runOnlyForDeploymentPostprocessing = 0;
			shellPath = /bin/sh;
			shellScript = "\"${SRCROOT}/Pods/Target Support Files/Pods-break-point-newV/Pods-break-point-newV-frameworks.sh\"\n";
			showEnvVarsInLog = 0;
		};
		FA8712A6D4F52280356B9612 /* [CP] Check Pods Manifest.lock */ = {
			isa = PBXShellScriptBuildPhase;
			buildActionMask = 2147483647;
			files = (
			);
			inputPaths = (
				"${PODS_PODFILE_DIR_PATH}/Podfile.lock",
				"${PODS_ROOT}/Manifest.lock",
			);
			name = "[CP] Check Pods Manifest.lock";
			outputPaths = (
				"$(DERIVED_FILE_DIR)/Pods-break-point-newV-checkManifestLockResult.txt",
			);
			runOnlyForDeploymentPostprocessing = 0;
			shellPath = /bin/sh;
			shellScript = "diff \"${PODS_PODFILE_DIR_PATH}/Podfile.lock\" \"${PODS_ROOT}/Manifest.lock\" > /dev/null\nif [ $? != 0 ] ; then\n    # print error to STDERR\n    echo \"error: The sandbox is not in sync with the Podfile.lock. Run 'pod install' or update your CocoaPods installation.\" >&2\n    exit 1\nfi\n# This output is used by Xcode 'outputs' to avoid re-running this script phase.\necho \"SUCCESS\" > \"${SCRIPT_OUTPUT_FILE_0}\"\n";
			showEnvVarsInLog = 0;
		};
/* End PBXShellScriptBuildPhase section */

/* Begin PBXSourcesBuildPhase section */
		0467F82724ADF74500ADE9AE /* Sources */ = {
			isa = PBXSourcesBuildPhase;
			buildActionMask = 2147483647;
			files = (
				0467217C24AFA4D4007C40CC /* UIViewExt.swift in Sources */,
				0467F85424AE3E0D00ADE9AE /* ShadowView.swift in Sources */,
				047471EC24B9E59E00E01FF6 /* GroupChatVC.swift in Sources */,
				0467F83524ADF74500ADE9AE /* GroupsVC.swift in Sources */,
				0467F83324ADF74500ADE9AE /* FeedVC.swift in Sources */,
				0467F85224AE37A100ADE9AE /* LoginVC.swift in Sources */,
				0467F84E24AE375D00ADE9AE /* customTextField.swift in Sources */,
				0467F82F24ADF74500ADE9AE /* AppDelegate.swift in Sources */,
				046CE5AF24BB95BD0047EBB6 /* GroupMembersVC.swift in Sources */,
				046CE5AD24BB95920047EBB6 /* GroupMembersCell.swift in Sources */,
				046CE5AB24BB867A0047EBB6 /* viewControllerExt.swift in Sources */,
				047471EA24B9E56F00E01FF6 /* GroupChatCell.swift in Sources */,
				0467217E24AFDA28007C40CC /* FeedCell.swift in Sources */,
				0467217824AF6254007C40CC /* meVC.swift in Sources */,
				047BC9DD24B88DAF00037633 /* GroupCell.swift in Sources */,
				0467F85024AE378D00ADE9AE /* AuthVC.swift in Sources */,
				04631AC124B20E0000BDEC81 /* Message.swift in Sources */,
				0467217A24AF82EB007C40CC /* CreatePostVC.swift in Sources */,
				0478A42724B47F0C001D1073 /* CreateGroupsVC.swift in Sources */,
				0467F85624AE51E900ADE9AE /* AuthService.swift in Sources */,
				0478A42924B4C963001D1073 /* UserCell.swift in Sources */,
				0467F83124ADF74500ADE9AE /* SceneDelegate.swift in Sources */,
				047BC9DF24B8A25D00037633 /* Group.swift in Sources */,
				0467F84C24AE1F0A00ADE9AE /* DataService.swift in Sources */,
			);
			runOnlyForDeploymentPostprocessing = 0;
		};
/* End PBXSourcesBuildPhase section */

/* Begin PBXVariantGroup section */
		0467F83624ADF74500ADE9AE /* Main.storyboard */ = {
			isa = PBXVariantGroup;
			children = (
				0467F83724ADF74500ADE9AE /* Base */,
				047BC9E124B8EC0900037633 /* en */,
			);
			name = Main.storyboard;
			sourceTree = "<group>";
		};
		0467F83B24ADF74600ADE9AE /* LaunchScreen.storyboard */ = {
			isa = PBXVariantGroup;
			children = (
				0467F83C24ADF74600ADE9AE /* Base */,
			);
			name = LaunchScreen.storyboard;
			sourceTree = "<group>";
		};
/* End PBXVariantGroup section */

/* Begin XCBuildConfiguration section */
		0467F83F24ADF74600ADE9AE /* Debug */ = {
			isa = XCBuildConfiguration;
			buildSettings = {
				ALWAYS_SEARCH_USER_PATHS = NO;
				CLANG_ANALYZER_NONNULL = YES;
				CLANG_ANALYZER_NUMBER_OBJECT_CONVERSION = YES_AGGRESSIVE;
				CLANG_CXX_LANGUAGE_STANDARD = "gnu++14";
				CLANG_CXX_LIBRARY = "libc++";
				CLANG_ENABLE_MODULES = YES;
				CLANG_ENABLE_OBJC_ARC = YES;
				CLANG_ENABLE_OBJC_WEAK = YES;
				CLANG_WARN_BLOCK_CAPTURE_AUTORELEASING = YES;
				CLANG_WARN_BOOL_CONVERSION = YES;
				CLANG_WARN_COMMA = YES;
				CLANG_WARN_CONSTANT_CONVERSION = YES;
				CLANG_WARN_DEPRECATED_OBJC_IMPLEMENTATIONS = YES;
				CLANG_WARN_DIRECT_OBJC_ISA_USAGE = YES_ERROR;
				CLANG_WARN_DOCUMENTATION_COMMENTS = YES;
				CLANG_WARN_EMPTY_BODY = YES;
				CLANG_WARN_ENUM_CONVERSION = YES;
				CLANG_WARN_INFINITE_RECURSION = YES;
				CLANG_WARN_INT_CONVERSION = YES;
				CLANG_WARN_NON_LITERAL_NULL_CONVERSION = YES;
				CLANG_WARN_OBJC_IMPLICIT_RETAIN_SELF = YES;
				CLANG_WARN_OBJC_LITERAL_CONVERSION = YES;
				CLANG_WARN_OBJC_ROOT_CLASS = YES_ERROR;
				CLANG_WARN_RANGE_LOOP_ANALYSIS = YES;
				CLANG_WARN_STRICT_PROTOTYPES = YES;
				CLANG_WARN_SUSPICIOUS_MOVE = YES;
				CLANG_WARN_UNGUARDED_AVAILABILITY = YES_AGGRESSIVE;
				CLANG_WARN_UNREACHABLE_CODE = YES;
				CLANG_WARN__DUPLICATE_METHOD_MATCH = YES;
				COPY_PHASE_STRIP = NO;
				DEBUG_INFORMATION_FORMAT = dwarf;
				ENABLE_STRICT_OBJC_MSGSEND = YES;
				ENABLE_TESTABILITY = YES;
				GCC_C_LANGUAGE_STANDARD = gnu11;
				GCC_DYNAMIC_NO_PIC = NO;
				GCC_NO_COMMON_BLOCKS = YES;
				GCC_OPTIMIZATION_LEVEL = 0;
				GCC_PREPROCESSOR_DEFINITIONS = (
					"DEBUG=1",
					"$(inherited)",
				);
				GCC_WARN_64_TO_32_BIT_CONVERSION = YES;
				GCC_WARN_ABOUT_RETURN_TYPE = YES_ERROR;
				GCC_WARN_UNDECLARED_SELECTOR = YES;
				GCC_WARN_UNINITIALIZED_AUTOS = YES_AGGRESSIVE;
				GCC_WARN_UNUSED_FUNCTION = YES;
				GCC_WARN_UNUSED_VARIABLE = YES;
				IPHONEOS_DEPLOYMENT_TARGET = 13.5;
				MTL_ENABLE_DEBUG_INFO = INCLUDE_SOURCE;
				MTL_FAST_MATH = YES;
				ONLY_ACTIVE_ARCH = YES;
				SDKROOT = iphoneos;
				SWIFT_ACTIVE_COMPILATION_CONDITIONS = DEBUG;
				SWIFT_OPTIMIZATION_LEVEL = "-Onone";
			};
			name = Debug;
		};
		0467F84024ADF74600ADE9AE /* Release */ = {
			isa = XCBuildConfiguration;
			buildSettings = {
				ALWAYS_SEARCH_USER_PATHS = NO;
				CLANG_ANALYZER_NONNULL = YES;
				CLANG_ANALYZER_NUMBER_OBJECT_CONVERSION = YES_AGGRESSIVE;
				CLANG_CXX_LANGUAGE_STANDARD = "gnu++14";
				CLANG_CXX_LIBRARY = "libc++";
				CLANG_ENABLE_MODULES = YES;
				CLANG_ENABLE_OBJC_ARC = YES;
				CLANG_ENABLE_OBJC_WEAK = YES;
				CLANG_WARN_BLOCK_CAPTURE_AUTORELEASING = YES;
				CLANG_WARN_BOOL_CONVERSION = YES;
				CLANG_WARN_COMMA = YES;
				CLANG_WARN_CONSTANT_CONVERSION = YES;
				CLANG_WARN_DEPRECATED_OBJC_IMPLEMENTATIONS = YES;
				CLANG_WARN_DIRECT_OBJC_ISA_USAGE = YES_ERROR;
				CLANG_WARN_DOCUMENTATION_COMMENTS = YES;
				CLANG_WARN_EMPTY_BODY = YES;
				CLANG_WARN_ENUM_CONVERSION = YES;
				CLANG_WARN_INFINITE_RECURSION = YES;
				CLANG_WARN_INT_CONVERSION = YES;
				CLANG_WARN_NON_LITERAL_NULL_CONVERSION = YES;
				CLANG_WARN_OBJC_IMPLICIT_RETAIN_SELF = YES;
				CLANG_WARN_OBJC_LITERAL_CONVERSION = YES;
				CLANG_WARN_OBJC_ROOT_CLASS = YES_ERROR;
				CLANG_WARN_RANGE_LOOP_ANALYSIS = YES;
				CLANG_WARN_STRICT_PROTOTYPES = YES;
				CLANG_WARN_SUSPICIOUS_MOVE = YES;
				CLANG_WARN_UNGUARDED_AVAILABILITY = YES_AGGRESSIVE;
				CLANG_WARN_UNREACHABLE_CODE = YES;
				CLANG_WARN__DUPLICATE_METHOD_MATCH = YES;
				COPY_PHASE_STRIP = NO;
				DEBUG_INFORMATION_FORMAT = "dwarf-with-dsym";
				ENABLE_NS_ASSERTIONS = NO;
				ENABLE_STRICT_OBJC_MSGSEND = YES;
				GCC_C_LANGUAGE_STANDARD = gnu11;
				GCC_NO_COMMON_BLOCKS = YES;
				GCC_WARN_64_TO_32_BIT_CONVERSION = YES;
				GCC_WARN_ABOUT_RETURN_TYPE = YES_ERROR;
				GCC_WARN_UNDECLARED_SELECTOR = YES;
				GCC_WARN_UNINITIALIZED_AUTOS = YES_AGGRESSIVE;
				GCC_WARN_UNUSED_FUNCTION = YES;
				GCC_WARN_UNUSED_VARIABLE = YES;
				IPHONEOS_DEPLOYMENT_TARGET = 13.5;
				MTL_ENABLE_DEBUG_INFO = NO;
				MTL_FAST_MATH = YES;
				SDKROOT = iphoneos;
				SWIFT_COMPILATION_MODE = wholemodule;
				SWIFT_OPTIMIZATION_LEVEL = "-O";
				VALIDATE_PRODUCT = YES;
			};
			name = Release;
		};
		0467F84224ADF74600ADE9AE /* Debug */ = {
			isa = XCBuildConfiguration;
			baseConfigurationReference = A7E997F3DA6F95A557557328 /* Pods-break-point-newV.debug.xcconfig */;
			buildSettings = {
				ASSETCATALOG_COMPILER_APPICON_NAME = AppIcon;
				CODE_SIGN_STYLE = Automatic;
				INFOPLIST_FILE = "break-point-newV/Info.plist";
				LD_RUNPATH_SEARCH_PATHS = (
					"$(inherited)",
					"@executable_path/Frameworks",
				);
				PRODUCT_BUNDLE_IDENTIFIER = "com.ziadelnady.break-point-newV";
				PRODUCT_NAME = "$(TARGET_NAME)";
				SWIFT_VERSION = 5.0;
				TARGETED_DEVICE_FAMILY = "1,2";
			};
			name = Debug;
		};
		0467F84324ADF74600ADE9AE /* Release */ = {
			isa = XCBuildConfiguration;
			baseConfigurationReference = A73C3C03C5AF8D0E65239678 /* Pods-break-point-newV.release.xcconfig */;
			buildSettings = {
				ASSETCATALOG_COMPILER_APPICON_NAME = AppIcon;
				CODE_SIGN_STYLE = Automatic;
				INFOPLIST_FILE = "break-point-newV/Info.plist";
				LD_RUNPATH_SEARCH_PATHS = (
					"$(inherited)",
					"@executable_path/Frameworks",
				);
				PRODUCT_BUNDLE_IDENTIFIER = "com.ziadelnady.break-point-newV";
				PRODUCT_NAME = "$(TARGET_NAME)";
				SWIFT_VERSION = 5.0;
				TARGETED_DEVICE_FAMILY = "1,2";
			};
			name = Release;
		};
/* End XCBuildConfiguration section */

/* Begin XCConfigurationList section */
		0467F82624ADF74500ADE9AE /* Build configuration list for PBXProject "break-point-newV" */ = {
			isa = XCConfigurationList;
			buildConfigurations = (
				0467F83F24ADF74600ADE9AE /* Debug */,
				0467F84024ADF74600ADE9AE /* Release */,
			);
			defaultConfigurationIsVisible = 0;
			defaultConfigurationName = Release;
		};
		0467F84124ADF74600ADE9AE /* Build configuration list for PBXNativeTarget "break-point-newV" */ = {
			isa = XCConfigurationList;
			buildConfigurations = (
				0467F84224ADF74600ADE9AE /* Debug */,
				0467F84324ADF74600ADE9AE /* Release */,
			);
			defaultConfigurationIsVisible = 0;
			defaultConfigurationName = Release;
		};
/* End XCConfigurationList section */
	};
	rootObject = 0467F82324ADF74500ADE9AE /* Project object */;
}
